// !$*UTF8*$!
{
	archiveVersion = 1;
	classes = {
	};
	objectVersion = 48;
	objects = {

/* Begin PBXBuildFile section */
		6402A4632025A3BE00F403CA /* AppDelegate.swift in Sources */ = {isa = PBXBuildFile; fileRef = 6402A4622025A3BE00F403CA /* AppDelegate.swift */; };
		6402A4652025A3BE00F403CA /* MealViewController.swift in Sources */ = {isa = PBXBuildFile; fileRef = 6402A4642025A3BE00F403CA /* MealViewController.swift */; };
		6402A4682025A3BE00F403CA /* Main.storyboard in Resources */ = {isa = PBXBuildFile; fileRef = 6402A4662025A3BE00F403CA /* Main.storyboard */; };
		6402A46A2025A3BE00F403CA /* Assets.xcassets in Resources */ = {isa = PBXBuildFile; fileRef = 6402A4692025A3BE00F403CA /* Assets.xcassets */; };
		6402A46D2025A3BE00F403CA /* LaunchScreen.storyboard in Resources */ = {isa = PBXBuildFile; fileRef = 6402A46B2025A3BE00F403CA /* LaunchScreen.storyboard */; };
		6402A4782025A3BF00F403CA /* FoodTrackerTests.swift in Sources */ = {isa = PBXBuildFile; fileRef = 6402A4772025A3BF00F403CA /* FoodTrackerTests.swift */; };
		645968DF204AB2F000EAA28B /* MapViewController.swift in Sources */ = {isa = PBXBuildFile; fileRef = 645968DE204AB2F000EAA28B /* MapViewController.swift */; };
		645968E1204AB7AC00EAA28B /* LocationManagerUtil.swift in Sources */ = {isa = PBXBuildFile; fileRef = 645968E0204AB7AC00EAA28B /* LocationManagerUtil.swift */; };
		645968E3204BEFB200EAA28B /* MapMealDetailViewController.swift in Sources */ = {isa = PBXBuildFile; fileRef = 645968E2204BEFB200EAA28B /* MapMealDetailViewController.swift */; };
		645968E5204C02F400EAA28B /* DateTimeFormatter.swift in Sources */ = {isa = PBXBuildFile; fileRef = 645968E4204C02F400EAA28B /* DateTimeFormatter.swift */; };
		645968E7204C188200EAA28B /* MealTabBarViewController.swift in Sources */ = {isa = PBXBuildFile; fileRef = 645968E6204C188200EAA28B /* MealTabBarViewController.swift */; };
		649483552049B2EA0015E4E3 /* ListViewController.swift in Sources */ = {isa = PBXBuildFile; fileRef = 649483542049B2EA0015E4E3 /* ListViewController.swift */; };
		64B483C9203F198C00C291CD /* MealModel.xcdatamodeld in Sources */ = {isa = PBXBuildFile; fileRef = 64B483C7203F198C00C291CD /* MealModel.xcdatamodeld */; };
		64EAC7252028CAD900A782C2 /* RatingControl.swift in Sources */ = {isa = PBXBuildFile; fileRef = 64EAC7242028CAD900A782C2 /* RatingControl.swift */; };
		64EAC727202B583900A782C2 /* Meal.swift in Sources */ = {isa = PBXBuildFile; fileRef = 64EAC726202B583900A782C2 /* Meal.swift */; };
		64EAC729202CA4A000A782C2 /* MealTableViewCell.swift in Sources */ = {isa = PBXBuildFile; fileRef = 64EAC728202CA4A000A782C2 /* MealTableViewCell.swift */; };
/* End PBXBuildFile section */

/* Begin PBXContainerItemProxy section */
		6402A4742025A3BE00F403CA /* PBXContainerItemProxy */ = {
			isa = PBXContainerItemProxy;
			containerPortal = 6402A4572025A3BE00F403CA /* Project object */;
			proxyType = 1;
			remoteGlobalIDString = 6402A45E2025A3BE00F403CA;
			remoteInfo = FoodTracker;
		};
/* End PBXContainerItemProxy section */

/* Begin PBXFileReference section */
		6402A45F2025A3BE00F403CA /* FoodTracker.app */ = {isa = PBXFileReference; explicitFileType = wrapper.application; includeInIndex = 0; path = FoodTracker.app; sourceTree = BUILT_PRODUCTS_DIR; };
		6402A4622025A3BE00F403CA /* AppDelegate.swift */ = {isa = PBXFileReference; lastKnownFileType = sourcecode.swift; path = AppDelegate.swift; sourceTree = "<group>"; };
		6402A4642025A3BE00F403CA /* MealViewController.swift */ = {isa = PBXFileReference; lastKnownFileType = sourcecode.swift; path = MealViewController.swift; sourceTree = "<group>"; };
		6402A4672025A3BE00F403CA /* Base */ = {isa = PBXFileReference; lastKnownFileType = file.storyboard; name = Base; path = Base.lproj/Main.storyboard; sourceTree = "<group>"; };
		6402A4692025A3BE00F403CA /* Assets.xcassets */ = {isa = PBXFileReference; lastKnownFileType = folder.assetcatalog; path = Assets.xcassets; sourceTree = "<group>"; };
		6402A46C2025A3BE00F403CA /* Base */ = {isa = PBXFileReference; lastKnownFileType = file.storyboard; name = Base; path = Base.lproj/LaunchScreen.storyboard; sourceTree = "<group>"; };
		6402A46E2025A3BE00F403CA /* Info.plist */ = {isa = PBXFileReference; lastKnownFileType = text.plist.xml; path = Info.plist; sourceTree = "<group>"; };
		6402A4732025A3BE00F403CA /* FoodTrackerTests.xctest */ = {isa = PBXFileReference; explicitFileType = wrapper.cfbundle; includeInIndex = 0; path = FoodTrackerTests.xctest; sourceTree = BUILT_PRODUCTS_DIR; };
		6402A4772025A3BF00F403CA /* FoodTrackerTests.swift */ = {isa = PBXFileReference; lastKnownFileType = sourcecode.swift; path = FoodTrackerTests.swift; sourceTree = "<group>"; };
		6402A4792025A3BF00F403CA /* Info.plist */ = {isa = PBXFileReference; lastKnownFileType = text.plist.xml; path = Info.plist; sourceTree = "<group>"; };
		645968DE204AB2F000EAA28B /* MapViewController.swift */ = {isa = PBXFileReference; lastKnownFileType = sourcecode.swift; path = MapViewController.swift; sourceTree = "<group>"; };
		645968E0204AB7AC00EAA28B /* LocationManagerUtil.swift */ = {isa = PBXFileReference; lastKnownFileType = sourcecode.swift; path = LocationManagerUtil.swift; sourceTree = "<group>"; };
		645968E2204BEFB200EAA28B /* MapMealDetailViewController.swift */ = {isa = PBXFileReference; lastKnownFileType = sourcecode.swift; path = MapMealDetailViewController.swift; sourceTree = "<group>"; };
		645968E4204C02F400EAA28B /* DateTimeFormatter.swift */ = {isa = PBXFileReference; lastKnownFileType = sourcecode.swift; path = DateTimeFormatter.swift; sourceTree = "<group>"; };
		645968E6204C188200EAA28B /* MealTabBarViewController.swift */ = {isa = PBXFileReference; lastKnownFileType = sourcecode.swift; path = MealTabBarViewController.swift; sourceTree = "<group>"; };
		649483542049B2EA0015E4E3 /* ListViewController.swift */ = {isa = PBXFileReference; lastKnownFileType = sourcecode.swift; path = ListViewController.swift; sourceTree = "<group>"; };
		64B483C8203F198C00C291CD /* Meal.xcdatamodel */ = {isa = PBXFileReference; lastKnownFileType = wrapper.xcdatamodel; path = Meal.xcdatamodel; sourceTree = "<group>"; };
		64EAC7242028CAD900A782C2 /* RatingControl.swift */ = {isa = PBXFileReference; lastKnownFileType = sourcecode.swift; path = RatingControl.swift; sourceTree = "<group>"; };
		64EAC726202B583900A782C2 /* Meal.swift */ = {isa = PBXFileReference; lastKnownFileType = sourcecode.swift; path = Meal.swift; sourceTree = "<group>"; };
		64EAC728202CA4A000A782C2 /* MealTableViewCell.swift */ = {isa = PBXFileReference; lastKnownFileType = sourcecode.swift; path = MealTableViewCell.swift; sourceTree = "<group>"; };
/* End PBXFileReference section */

/* Begin PBXFrameworksBuildPhase section */
		6402A45C2025A3BE00F403CA /* Frameworks */ = {
			isa = PBXFrameworksBuildPhase;
			buildActionMask = 2147483647;
			files = (
			);
			runOnlyForDeploymentPostprocessing = 0;
		};
		6402A4702025A3BE00F403CA /* Frameworks */ = {
			isa = PBXFrameworksBuildPhase;
			buildActionMask = 2147483647;
			files = (
			);
			runOnlyForDeploymentPostprocessing = 0;
		};
/* End PBXFrameworksBuildPhase section */

/* Begin PBXGroup section */
		6402A4562025A3BE00F403CA = {
			isa = PBXGroup;
			children = (
				6402A4612025A3BE00F403CA /* FoodTracker */,
				6402A4762025A3BF00F403CA /* FoodTrackerTests */,
				6402A4602025A3BE00F403CA /* Products */,
			);
			sourceTree = "<group>";
		};
		6402A4602025A3BE00F403CA /* Products */ = {
			isa = PBXGroup;
			children = (
				6402A45F2025A3BE00F403CA /* FoodTracker.app */,
				6402A4732025A3BE00F403CA /* FoodTrackerTests.xctest */,
			);
			name = Products;
			sourceTree = "<group>";
		};
		6402A4612025A3BE00F403CA /* FoodTracker */ = {
			isa = PBXGroup;
			children = (
				645968E4204C02F400EAA28B /* DateTimeFormatter.swift */,
				645968E2204BEFB200EAA28B /* MapMealDetailViewController.swift */,
				645968E0204AB7AC00EAA28B /* LocationManagerUtil.swift */,
				649483542049B2EA0015E4E3 /* ListViewController.swift */,
				645968DE204AB2F000EAA28B /* MapViewController.swift */,
				645968E6204C188200EAA28B /* MealTabBarViewController.swift */,
				6402A4622025A3BE00F403CA /* AppDelegate.swift */,
				6402A4642025A3BE00F403CA /* MealViewController.swift */,
				64EAC7242028CAD900A782C2 /* RatingControl.swift */,
				64EAC726202B583900A782C2 /* Meal.swift */,
				64B483C7203F198C00C291CD /* MealModel.xcdatamodeld */,
				6402A4662025A3BE00F403CA /* Main.storyboard */,
				64EAC728202CA4A000A782C2 /* MealTableViewCell.swift */,
				6402A4692025A3BE00F403CA /* Assets.xcassets */,
				6402A46B2025A3BE00F403CA /* LaunchScreen.storyboard */,
				6402A46E2025A3BE00F403CA /* Info.plist */,
			);
			path = FoodTracker;
			sourceTree = "<group>";
		};
		6402A4762025A3BF00F403CA /* FoodTrackerTests */ = {
			isa = PBXGroup;
			children = (
				6402A4772025A3BF00F403CA /* FoodTrackerTests.swift */,
				6402A4792025A3BF00F403CA /* Info.plist */,
			);
			path = FoodTrackerTests;
			sourceTree = "<group>";
		};
/* End PBXGroup section */

/* Begin PBXNativeTarget section */
		6402A45E2025A3BE00F403CA /* FoodTracker */ = {
			isa = PBXNativeTarget;
			buildConfigurationList = 6402A47C2025A3BF00F403CA /* Build configuration list for PBXNativeTarget "FoodTracker" */;
			buildPhases = (
				6402A45B2025A3BE00F403CA /* Sources */,
				6402A45C2025A3BE00F403CA /* Frameworks */,
				6402A45D2025A3BE00F403CA /* Resources */,
			);
			buildRules = (
			);
			dependencies = (
			);
			name = FoodTracker;
			productName = FoodTracker;
			productReference = 6402A45F2025A3BE00F403CA /* FoodTracker.app */;
			productType = "com.apple.product-type.application";
		};
		6402A4722025A3BE00F403CA /* FoodTrackerTests */ = {
			isa = PBXNativeTarget;
			buildConfigurationList = 6402A47F2025A3BF00F403CA /* Build configuration list for PBXNativeTarget "FoodTrackerTests" */;
			buildPhases = (
				6402A46F2025A3BE00F403CA /* Sources */,
				6402A4702025A3BE00F403CA /* Frameworks */,
				6402A4712025A3BE00F403CA /* Resources */,
			);
			buildRules = (
			);
			dependencies = (
				6402A4752025A3BE00F403CA /* PBXTargetDependency */,
			);
			name = FoodTrackerTests;
			productName = FoodTrackerTests;
			productReference = 6402A4732025A3BE00F403CA /* FoodTrackerTests.xctest */;
			productType = "com.apple.product-type.bundle.unit-test";
		};
/* End PBXNativeTarget section */

/* Begin PBXProject section */
		6402A4572025A3BE00F403CA /* Project object */ = {
			isa = PBXProject;
			attributes = {
				LastSwiftUpdateCheck = 0920;
				LastUpgradeCheck = 0920;
				ORGANIZATIONNAME = "南優也";
				TargetAttributes = {
					6402A45E2025A3BE00F403CA = {
						CreatedOnToolsVersion = 9.2;
						ProvisioningStyle = Automatic;
					};
					6402A4722025A3BE00F403CA = {
						CreatedOnToolsVersion = 9.2;
						ProvisioningStyle = Automatic;
						TestTargetID = 6402A45E2025A3BE00F403CA;
					};
				};
			};
			buildConfigurationList = 6402A45A2025A3BE00F403CA /* Build configuration list for PBXProject "FoodTracker" */;
			compatibilityVersion = "Xcode 8.0";
			developmentRegion = en;
			hasScannedForEncodings = 0;
			knownRegions = (
				en,
				Base,
			);
			mainGroup = 6402A4562025A3BE00F403CA;
			productRefGroup = 6402A4602025A3BE00F403CA /* Products */;
			projectDirPath = "";
			projectRoot = "";
			targets = (
				6402A45E2025A3BE00F403CA /* FoodTracker */,
				6402A4722025A3BE00F403CA /* FoodTrackerTests */,
			);
		};
/* End PBXProject section */

/* Begin PBXResourcesBuildPhase section */
		6402A45D2025A3BE00F403CA /* Resources */ = {
			isa = PBXResourcesBuildPhase;
			buildActionMask = 2147483647;
			files = (
				6402A46D2025A3BE00F403CA /* LaunchScreen.storyboard in Resources */,
				6402A46A2025A3BE00F403CA /* Assets.xcassets in Resources */,
				6402A4682025A3BE00F403CA /* Main.storyboard in Resources */,
			);
			runOnlyForDeploymentPostprocessing = 0;
		};
		6402A4712025A3BE00F403CA /* Resources */ = {
			isa = PBXResourcesBuildPhase;
			buildActionMask = 2147483647;
			files = (
			);
			runOnlyForDeploymentPostprocessing = 0;
		};
/* End PBXResourcesBuildPhase section */

/* Begin PBXSourcesBuildPhase section */
		6402A45B2025A3BE00F403CA /* Sources */ = {
			isa = PBXSourcesBuildPhase;
			buildActionMask = 2147483647;
			files = (
				64EAC727202B583900A782C2 /* Meal.swift in Sources */,
				645968E5204C02F400EAA28B /* DateTimeFormatter.swift in Sources */,
				6402A4652025A3BE00F403CA /* MealViewController.swift in Sources */,
				64EAC7252028CAD900A782C2 /* RatingControl.swift in Sources */,
				645968E7204C188200EAA28B /* MealTabBarViewController.swift in Sources */,
				6402A4632025A3BE00F403CA /* AppDelegate.swift in Sources */,
				645968DF204AB2F000EAA28B /* MapViewController.swift in Sources */,
				649483552049B2EA0015E4E3 /* ListViewController.swift in Sources */,
				645968E3204BEFB200EAA28B /* MapMealDetailViewController.swift in Sources */,
				645968E1204AB7AC00EAA28B /* LocationManagerUtil.swift in Sources */,
				64B483C9203F198C00C291CD /* MealModel.xcdatamodeld in Sources */,
				64EAC729202CA4A000A782C2 /* MealTableViewCell.swift in Sources */,
			);
			runOnlyForDeploymentPostprocessing = 0;
		};
		6402A46F2025A3BE00F403CA /* Sources */ = {
			isa = PBXSourcesBuildPhase;
			buildActionMask = 2147483647;
			files = (
				6402A4782025A3BF00F403CA /* FoodTrackerTests.swift in Sources */,
			);
			runOnlyForDeploymentPostprocessing = 0;
		};
/* End PBXSourcesBuildPhase section */

/* Begin PBXTargetDependency section */
		6402A4752025A3BE00F403CA /* PBXTargetDependency */ = {
			isa = PBXTargetDependency;
			target = 6402A45E2025A3BE00F403CA /* FoodTracker */;
			targetProxy = 6402A4742025A3BE00F403CA /* PBXContainerItemProxy */;
		};
/* End PBXTargetDependency section */

/* Begin PBXVariantGroup section */
		6402A4662025A3BE00F403CA /* Main.storyboard */ = {
			isa = PBXVariantGroup;
			children = (
				6402A4672025A3BE00F403CA /* Base */,
			);
			name = Main.storyboard;
			sourceTree = "<group>";
		};
		6402A46B2025A3BE00F403CA /* LaunchScreen.storyboard */ = {
			isa = PBXVariantGroup;
			children = (
				6402A46C2025A3BE00F403CA /* Base */,
			);
			name = LaunchScreen.storyboard;
			sourceTree = "<group>";
		};
/* End PBXVariantGroup section */

/* Begin XCBuildConfiguration section */
		6402A47A2025A3BF00F403CA /* Debug */ = {
			isa = XCBuildConfiguration;
			buildSettings = {
				ALWAYS_SEARCH_USER_PATHS = NO;
				CLANG_ANALYZER_NONNULL = YES;
				CLANG_ANALYZER_NUMBER_OBJECT_CONVERSION = YES_AGGRESSIVE;
				CLANG_CXX_LANGUAGE_STANDARD = "gnu++14";
				CLANG_CXX_LIBRARY = "libc++";
				CLANG_ENABLE_MODULES = YES;
				CLANG_ENABLE_OBJC_ARC = YES;
				CLANG_WARN_BLOCK_CAPTURE_AUTORELEASING = YES;
				CLANG_WARN_BOOL_CONVERSION = YES;
				CLANG_WARN_COMMA = YES;
				CLANG_WARN_CONSTANT_CONVERSION = YES;
				CLANG_WARN_DIRECT_OBJC_ISA_USAGE = YES_ERROR;
				CLANG_WARN_DOCUMENTATION_COMMENTS = YES;
				CLANG_WARN_EMPTY_BODY = YES;
				CLANG_WARN_ENUM_CONVERSION = YES;
				CLANG_WARN_INFINITE_RECURSION = YES;
				CLANG_WARN_INT_CONVERSION = YES;
				CLANG_WARN_NON_LITERAL_NULL_CONVERSION = YES;
				CLANG_WARN_OBJC_LITERAL_CONVERSION = YES;
				CLANG_WARN_OBJC_ROOT_CLASS = YES_ERROR;
				CLANG_WARN_RANGE_LOOP_ANALYSIS = YES;
				CLANG_WARN_STRICT_PROTOTYPES = YES;
				CLANG_WARN_SUSPICIOUS_MOVE = YES;
				CLANG_WARN_UNGUARDED_AVAILABILITY = YES_AGGRESSIVE;
				CLANG_WARN_UNREACHABLE_CODE = YES;
				CLANG_WARN__DUPLICATE_METHOD_MATCH = YES;
				CODE_SIGN_IDENTITY = "iPhone Developer";
				COPY_PHASE_STRIP = NO;
				DEBUG_INFORMATION_FORMAT = dwarf;
				ENABLE_STRICT_OBJC_MSGSEND = YES;
				ENABLE_TESTABILITY = YES;
				GCC_C_LANGUAGE_STANDARD = gnu11;
				GCC_DYNAMIC_NO_PIC = NO;
				GCC_NO_COMMON_BLOCKS = YES;
				GCC_OPTIMIZATION_LEVEL = 0;
				GCC_PREPROCESSOR_DEFINITIONS = (
					"DEBUG=1",
					"$(inherited)",
				);
				GCC_WARN_64_TO_32_BIT_CONVERSION = YES;
				GCC_WARN_ABOUT_RETURN_TYPE = YES_ERROR;
				GCC_WARN_UNDECLARED_SELECTOR = YES;
				GCC_WARN_UNINITIALIZED_AUTOS = YES_AGGRESSIVE;
				GCC_WARN_UNUSED_FUNCTION = YES;
				GCC_WARN_UNUSED_VARIABLE = YES;
				IPHONEOS_DEPLOYMENT_TARGET = 11.2;
				MTL_ENABLE_DEBUG_INFO = YES;
				ONLY_ACTIVE_ARCH = YES;
				SDKROOT = iphoneos;
				SWIFT_ACTIVE_COMPILATION_CONDITIONS = DEBUG;
				SWIFT_OPTIMIZATION_LEVEL = "-Onone";
			};
			name = Debug;
		};
		6402A47B2025A3BF00F403CA /* Release */ = {
			isa = XCBuildConfiguration;
			buildSettings = {
				ALWAYS_SEARCH_USER_PATHS = NO;
				CLANG_ANALYZER_NONNULL = YES;
				CLANG_ANALYZER_NUMBER_OBJECT_CONVERSION = YES_AGGRESSIVE;
				CLANG_CXX_LANGUAGE_STANDARD = "gnu++14";
				CLANG_CXX_LIBRARY = "libc++";
				CLANG_ENABLE_MODULES = YES;
				CLANG_ENABLE_OBJC_ARC = YES;
				CLANG_WARN_BLOCK_CAPTURE_AUTORELEASING = YES;
				CLANG_WARN_BOOL_CONVERSION = YES;
				CLANG_WARN_COMMA = YES;
				CLANG_WARN_CONSTANT_CONVERSION = YES;
				CLANG_WARN_DIRECT_OBJC_ISA_USAGE = YES_ERROR;
				CLANG_WARN_DOCUMENTATION_COMMENTS = YES;
				CLANG_WARN_EMPTY_BODY = YES;
				CLANG_WARN_ENUM_CONVERSION = YES;
				CLANG_WARN_INFINITE_RECURSION = YES;
				CLANG_WARN_INT_CONVERSION = YES;
				CLANG_WARN_NON_LITERAL_NULL_CONVERSION = YES;
				CLANG_WARN_OBJC_LITERAL_CONVERSION = YES;
				CLANG_WARN_OBJC_ROOT_CLASS = YES_ERROR;
				CLANG_WARN_RANGE_LOOP_ANALYSIS = YES;
				CLANG_WARN_STRICT_PROTOTYPES = YES;
				CLANG_WARN_SUSPICIOUS_MOVE = YES;
				CLANG_WARN_UNGUARDED_AVAILABILITY = YES_AGGRESSIVE;
				CLANG_WARN_UNREACHABLE_CODE = YES;
				CLANG_WARN__DUPLICATE_METHOD_MATCH = YES;
				CODE_SIGN_IDENTITY = "iPhone Developer";
				COPY_PHASE_STRIP = NO;
				DEBUG_INFORMATION_FORMAT = "dwarf-with-dsym";
				ENABLE_NS_ASSERTIONS = NO;
				ENABLE_STRICT_OBJC_MSGSEND = YES;
				GCC_C_LANGUAGE_STANDARD = gnu11;
				GCC_NO_COMMON_BLOCKS = YES;
				GCC_WARN_64_TO_32_BIT_CONVERSION = YES;
				GCC_WARN_ABOUT_RETURN_TYPE = YES_ERROR;
				GCC_WARN_UNDECLARED_SELECTOR = YES;
				GCC_WARN_UNINITIALIZED_AUTOS = YES_AGGRESSIVE;
				GCC_WARN_UNUSED_FUNCTION = YES;
				GCC_WARN_UNUSED_VARIABLE = YES;
				IPHONEOS_DEPLOYMENT_TARGET = 11.2;
				MTL_ENABLE_DEBUG_INFO = NO;
				SDKROOT = iphoneos;
				SWIFT_OPTIMIZATION_LEVEL = "-Owholemodule";
				VALIDATE_PRODUCT = YES;
			};
			name = Release;
		};
		6402A47D2025A3BF00F403CA /* Debug */ = {
			isa = XCBuildConfiguration;
			buildSettings = {
				ASSETCATALOG_COMPILER_APPICON_NAME = AppIcon;
				CODE_SIGN_STYLE = Automatic;
				DEVELOPMENT_TEAM = C7E2H765FT;
				INFOPLIST_FILE = FoodTracker/Info.plist;
				LD_RUNPATH_SEARCH_PATHS = "$(inherited) @executable_path/Frameworks";
				PRODUCT_BUNDLE_IDENTIFIER = yuya373.FoodTracker;
				PRODUCT_NAME = "$(TARGET_NAME)";
				SWIFT_VERSION = 4.0;
				TARGETED_DEVICE_FAMILY = "1,2";
			};
			name = Debug;
		};
		6402A47E2025A3BF00F403CA /* Release */ = {
			isa = XCBuildConfiguration;
			buildSettings = {
				ASSETCATALOG_COMPILER_APPICON_NAME = AppIcon;
				CODE_SIGN_STYLE = Automatic;
				DEVELOPMENT_TEAM = C7E2H765FT;
				INFOPLIST_FILE = FoodTracker/Info.plist;
				LD_RUNPATH_SEARCH_PATHS = "$(inherited) @executable_path/Frameworks";
				PRODUCT_BUNDLE_IDENTIFIER = yuya373.FoodTracker;
				PRODUCT_NAME = "$(TARGET_NAME)";
				SWIFT_VERSION = 4.0;
				TARGETED_DEVICE_FAMILY = "1,2";
			};
			name = Release;
		};
		6402A4802025A3BF00F403CA /* Debug */ = {
			isa = XCBuildConfiguration;
			buildSettings = {
				ALWAYS_EMBED_SWIFT_STANDARD_LIBRARIES = YES;
				BUNDLE_LOADER = "$(TEST_HOST)";
				CODE_SIGN_STYLE = Automatic;
				DEVELOPMENT_TEAM = C7E2H765FT;
				INFOPLIST_FILE = FoodTrackerTests/Info.plist;
				LD_RUNPATH_SEARCH_PATHS = "$(inherited) @executable_path/Frameworks @loader_path/Frameworks";
				PRODUCT_BUNDLE_IDENTIFIER = yuya373.FoodTrackerTests;
				PRODUCT_NAME = "$(TARGET_NAME)";
				SWIFT_VERSION = 4.0;
				TARGETED_DEVICE_FAMILY = "1,2";
				TEST_HOST = "$(BUILT_PRODUCTS_DIR)/FoodTracker.app/FoodTracker";
			};
			name = Debug;
		};
		6402A4812025A3BF00F403CA /* Release */ = {
			isa = XCBuildConfiguration;
			buildSettings = {
				ALWAYS_EMBED_SWIFT_STANDARD_LIBRARIES = YES;
				BUNDLE_LOADER = "$(TEST_HOST)";
				CODE_SIGN_STYLE = Automatic;
				DEVELOPMENT_TEAM = C7E2H765FT;
				INFOPLIST_FILE = FoodTrackerTests/Info.plist;
				LD_RUNPATH_SEARCH_PATHS = "$(inherited) @executable_path/Frameworks @loader_path/Frameworks";
				PRODUCT_BUNDLE_IDENTIFIER = yuya373.FoodTrackerTests;
				PRODUCT_NAME = "$(TARGET_NAME)";
				SWIFT_VERSION = 4.0;
				TARGETED_DEVICE_FAMILY = "1,2";
				TEST_HOST = "$(BUILT_PRODUCTS_DIR)/FoodTracker.app/FoodTracker";
			};
			name = Release;
		};
/* End XCBuildConfiguration section */

/* Begin XCConfigurationList section */
		6402A45A2025A3BE00F403CA /* Build configuration list for PBXProject "FoodTracker" */ = {
			isa = XCConfigurationList;
			buildConfigurations = (
				6402A47A2025A3BF00F403CA /* Debug */,
				6402A47B2025A3BF00F403CA /* Release */,
			);
			defaultConfigurationIsVisible = 0;
			defaultConfigurationName = Release;
		};
		6402A47C2025A3BF00F403CA /* Build configuration list for PBXNativeTarget "FoodTracker" */ = {
			isa = XCConfigurationList;
			buildConfigurations = (
				6402A47D2025A3BF00F403CA /* Debug */,
				6402A47E2025A3BF00F403CA /* Release */,
			);
			defaultConfigurationIsVisible = 0;
			defaultConfigurationName = Release;
		};
		6402A47F2025A3BF00F403CA /* Build configuration list for PBXNativeTarget "FoodTrackerTests" */ = {
			isa = XCConfigurationList;
			buildConfigurations = (
				6402A4802025A3BF00F403CA /* Debug */,
				6402A4812025A3BF00F403CA /* Release */,
			);
			defaultConfigurationIsVisible = 0;
			defaultConfigurationName = Release;
		};
/* End XCConfigurationList section */

/* Begin XCVersionGroup section */
		64B483C7203F198C00C291CD /* MealModel.xcdatamodeld */ = {
			isa = XCVersionGroup;
			children = (
				64B483C8203F198C00C291CD /* Meal.xcdatamodel */,
			);
			currentVersion = 64B483C8203F198C00C291CD /* Meal.xcdatamodel */;
			path = MealModel.xcdatamodeld;
			sourceTree = "<group>";
			versionGroupType = wrapper.xcdatamodel;
		};
/* End XCVersionGroup section */
	};
	rootObject = 6402A4572025A3BE00F403CA /* Project object */;
}
